Microsoft Visual Studio Solution File, Format Version 12.00
# Visual Studio Version 17
VisualStudioVersion = 17.5.2.0
MinimumVisualStudioVersion = 10.0.40219.1
Project("{FAE04EC0-301F-11D3-BF4B-00C04F79EFBC}") = "SimpleTest", "SimpleTest.csproj", "{F1830BB3-D1BF-0369-F9DB-9A2E773811A6}"
EndProject
Global
	GlobalSection(SolutionConfigurationPlatforms) = preSolution
		Debug|Any CPU = Debug|Any CPU
		Release|Any CPU = Release|Any CPU
	EndGlobalSection
	GlobalSection(ProjectConfigurationPlatforms) = postSolution
		{F1830BB3-D1BF-0369-F9DB-9A2E773811A6}.Debug|Any CPU.ActiveCfg = Debug|Any CPU
		{F1830BB3-D1BF-0369-F9DB-9A2E773811A6}.Debug|Any CPU.Build.0 = Debug|Any CPU
		{F1830BB3-D1BF-0369-F9DB-9A2E773811A6}.Release|Any CPU.ActiveCfg = Release|Any CPU
		{F1830BB3-D1BF-0369-F9DB-9A2E773811A6}.Release|Any CPU.Build.0 = Release|Any CPU
	EndGlobalSection
	GlobalSection(SolutionProperties) = preSolution
		HideSolutionNode = FALSE
	EndGlobalSection
	GlobalSection(ExtensibilityGlobals) = postSolution
		SolutionGuid = {2E94808A-E11E-4E98-A068-8312641871C1}
	EndGlobalSection
EndGlobal
